
Microsoft Visual Studio Solution File, Format Version 12.00
# Visual Studio Version 16
VisualStudioVersion = 16.0.31112.23
MinimumVisualStudioVersion = 10.0.40219.1
Project("{FAE04EC0-301F-11D3-BF4B-00C04F79EFBC}") = "Entidades", "Entidades\Entidades.csproj", "{6794BD96-3B08-4196-95BE-7E4A53EE5411}"
EndProject
Project("{FAE04EC0-301F-11D3-BF4B-00C04F79EFBC}") = "Exepciones", "Exepciones\Exepciones.csproj", "{EC5B4B7F-F7ED-4226-9E18-37A2C818F6D5}"
EndProject
Global
	GlobalSection(SolutionConfigurationPlatforms) = preSolution
		Debug|Any CPU = Debug|Any CPU
		Release|Any CPU = Release|Any CPU
	EndGlobalSection
	GlobalSection(ProjectConfigurationPlatforms) = postSolution
		{6794BD96-3B08-4196-95BE-7E4A53EE5411}.Debug|Any CPU.ActiveCfg = Debug|Any CPU
		{6794BD96-3B08-4196-95BE-7E4A53EE5411}.Debug|Any CPU.Build.0 = Debug|Any CPU
		{6794BD96-3B08-4196-95BE-7E4A53EE5411}.Release|Any CPU.ActiveCfg = Release|Any CPU
		{6794BD96-3B08-4196-95BE-7E4A53EE5411}.Release|Any CPU.Build.0 = Release|Any CPU
		{EC5B4B7F-F7ED-4226-9E18-37A2C818F6D5}.Debug|Any CPU.ActiveCfg = Debug|Any CPU
		{EC5B4B7F-F7ED-4226-9E18-37A2C818F6D5}.Debug|Any CPU.Build.0 = Debug|Any CPU
		{EC5B4B7F-F7ED-4226-9E18-37A2C818F6D5}.Release|Any CPU.ActiveCfg = Release|Any CPU
		{EC5B4B7F-F7ED-4226-9E18-37A2C818F6D5}.Release|Any CPU.Build.0 = Release|Any CPU
	EndGlobalSection
	GlobalSection(SolutionProperties) = preSolution
		HideSolutionNode = FALSE
	EndGlobalSection
	GlobalSection(ExtensibilityGlobals) = postSolution
		SolutionGuid = {D450862D-996E-4C42-9263-922663EF51DD}
	EndGlobalSection
EndGlobal
